// !$*UTF8*$!
{
	archiveVersion = 1;
	classes = {
	};
	objectVersion = 56;
	objects = {

/* Begin PBXBuildFile section */
		041374C02EA617790019A36C /* PickerType.swift in Sources */ = {isa = PBXBuildFile; fileRef = 041374BF2EA617790019A36C /* PickerType.swift */; };
		041374C52EA619B20019A36C /* StoryCarouselItemView.swift in Sources */ = {isa = PBXBuildFile; fileRef = 041374C42EA619B20019A36C /* StoryCarouselItemView.swift */; };
		041374E42EA637A20019A36C /* Story.swift in Sources */ = {isa = PBXBuildFile; fileRef = 041374E32EA637A20019A36C /* Story.swift */; };
		041374F22EA63AA50019A36C /* StoryCarouselView.swift in Sources */ = {isa = PBXBuildFile; fileRef = 041374F12EA63AA50019A36C /* StoryCarouselView.swift */; };
		04445C902EA9F3100008A811 /* CitySelectionViewModel.swift in Sources */ = {isa = PBXBuildFile; fileRef = 04445C8F2EA9F3100008A811 /* CitySelectionViewModel.swift */; };
		04445C9C2EA9F6AB0008A811 /* StationSelectionViewModel.swift in Sources */ = {isa = PBXBuildFile; fileRef = 04445C9B2EA9F6AB0008A811 /* StationSelectionViewModel.swift */; };
		04445CA42EA9F8DC0008A811 /* CarriersViewModel.swift in Sources */ = {isa = PBXBuildFile; fileRef = 04445CA32EA9F8DC0008A811 /* CarriersViewModel.swift */; };
		04445CB02EAA02E90008A811 /* CarrierInfoViewModel.swift in Sources */ = {isa = PBXBuildFile; fileRef = 04445CAF2EAA02E90008A811 /* CarrierInfoViewModel.swift */; };
		0452B6CD2EA2AA640031C9B8 /* TextChevronRow.swift in Sources */ = {isa = PBXBuildFile; fileRef = 0452B6CC2EA2AA630031C9B8 /* TextChevronRow.swift */; };
		045B21B32E83A64300DF5EC5 /* LaunchScreen.storyboard in Resources */ = {isa = PBXBuildFile; fileRef = 045B21B22E83A64300DF5EC5 /* LaunchScreen.storyboard */; };
		045B21C42E83B33200DF5EC5 /* ScheduleView.swift in Sources */ = {isa = PBXBuildFile; fileRef = 045B21C32E83B33200DF5EC5 /* ScheduleView.swift */; };
		045B21C62E83B34300DF5EC5 /* SettingsView.swift in Sources */ = {isa = PBXBuildFile; fileRef = 045B21C52E83B34300DF5EC5 /* SettingsView.swift */; };
		045B21C82E83B3E000DF5EC5 /* MainView.swift in Sources */ = {isa = PBXBuildFile; fileRef = 045B21C72E83B3E000DF5EC5 /* MainView.swift */; };
		045B21E72E83C55300DF5EC5 /* RoutePicker.swift in Sources */ = {isa = PBXBuildFile; fileRef = 045B21E62E83C55300DF5EC5 /* RoutePicker.swift */; };
		045B22202E83F35E00DF5EC5 /* CitySelectionView.swift in Sources */ = {isa = PBXBuildFile; fileRef = 045B221F2E83F35E00DF5EC5 /* CitySelectionView.swift */; };
		047914642E73D03200FEAC8F /* ScheduleBetweenStationsService.swift in Sources */ = {isa = PBXBuildFile; fileRef = 047914632E73D03200FEAC8F /* ScheduleBetweenStationsService.swift */; };
		047914672E73D2A500FEAC8F /* StationScheduleService.swift in Sources */ = {isa = PBXBuildFile; fileRef = 047914662E73D2A500FEAC8F /* StationScheduleService.swift */; };
		0479146A2E73D66100FEAC8F /* RouteStationsService.swift in Sources */ = {isa = PBXBuildFile; fileRef = 047914692E73D66100FEAC8F /* RouteStationsService.swift */; };
		0479146C2E73D79700FEAC8F /* NearestCityService.swift in Sources */ = {isa = PBXBuildFile; fileRef = 0479146B2E73D79700FEAC8F /* NearestCityService.swift */; };
		0479146E2E73D87D00FEAC8F /* CarrierInfoService.swift in Sources */ = {isa = PBXBuildFile; fileRef = 0479146D2E73D87D00FEAC8F /* CarrierInfoService.swift */; };
		047914702E73DB6700FEAC8F /* AllStationsService.swift in Sources */ = {isa = PBXBuildFile; fileRef = 0479146F2E73DB6700FEAC8F /* AllStationsService.swift */; };
		047914722E73DC0300FEAC8F /* CopyrightService.swift in Sources */ = {isa = PBXBuildFile; fileRef = 047914712E73DC0300FEAC8F /* CopyrightService.swift */; };
		048CA2942E65877600C200C2 /* NearestStationsService.swift in Sources */ = {isa = PBXBuildFile; fileRef = 048CA2932E65877600C200C2 /* NearestStationsService.swift */; };
		048D02692E36AC4300ECB49C /* TravelScheduleApp.swift in Sources */ = {isa = PBXBuildFile; fileRef = 048D02682E36AC4300ECB49C /* TravelScheduleApp.swift */; };
		048D026B2E36AC4300ECB49C /* ContentView.swift in Sources */ = {isa = PBXBuildFile; fileRef = 048D026A2E36AC4300ECB49C /* ContentView.swift */; };
		048D026D2E36AC4500ECB49C /* Assets.xcassets in Resources */ = {isa = PBXBuildFile; fileRef = 048D026C2E36AC4500ECB49C /* Assets.xcassets */; };
		048D02702E36AC4500ECB49C /* Preview Assets.xcassets in Resources */ = {isa = PBXBuildFile; fileRef = 048D026F2E36AC4500ECB49C /* Preview Assets.xcassets */; };
		04A5A5DC2EA39A6000DFE7A1 /* StationSelectionView.swift in Sources */ = {isa = PBXBuildFile; fileRef = 04A5A5DB2EA39A6000DFE7A1 /* StationSelectionView.swift */; };
		04A5A6202EA3E14400DFE7A1 /* CarriersView.swift in Sources */ = {isa = PBXBuildFile; fileRef = 04A5A61F2EA3E14400DFE7A1 /* CarriersView.swift */; };
		04A5A6382EA3F2A100DFE7A1 /* Carrier.swift in Sources */ = {isa = PBXBuildFile; fileRef = 04A5A6372EA3F2A100DFE7A1 /* Carrier.swift */; };
		04A5A6462EA3F31B00DFE7A1 /* CarrierCardView.swift in Sources */ = {isa = PBXBuildFile; fileRef = 04A5A6452EA3F31B00DFE7A1 /* CarrierCardView.swift */; };
		04A5A69D2EA4102A00DFE7A1 /* CarrierFiltersView.swift in Sources */ = {isa = PBXBuildFile; fileRef = 04A5A69C2EA4102A00DFE7A1 /* CarrierFiltersView.swift */; };
		04A5A6D02EA4DA0400DFE7A1 /* TimeRange.swift in Sources */ = {isa = PBXBuildFile; fileRef = 04A5A6CF2EA4DA0400DFE7A1 /* TimeRange.swift */; };
		04A5A6E32EA4DE3900DFE7A1 /* TextCheckboxRow.swift in Sources */ = {isa = PBXBuildFile; fileRef = 04A5A6E22EA4DE3900DFE7A1 /* TextCheckboxRow.swift */; };
		04A5A6EC2EA4E03B00DFE7A1 /* TextRadioButtonRow.swift in Sources */ = {isa = PBXBuildFile; fileRef = 04A5A6EB2EA4E03B00DFE7A1 /* TextRadioButtonRow.swift */; };
		04A5A7192EA4F92700DFE7A1 /* ErrorView.swift in Sources */ = {isa = PBXBuildFile; fileRef = 04A5A7182EA4F92700DFE7A1 /* ErrorView.swift */; };
		04A5A7252EA4F96700DFE7A1 /* ErrorType.swift in Sources */ = {isa = PBXBuildFile; fileRef = 04A5A7242EA4F96700DFE7A1 /* ErrorType.swift */; };
		04A5A7562EA5174200DFE7A1 /* CarrierInfoView.swift in Sources */ = {isa = PBXBuildFile; fileRef = 04A5A7552EA5174200DFE7A1 /* CarrierInfoView.swift */; };
		04B2B2FA2EA1569B000A53B3 /* SearchBar.swift in Sources */ = {isa = PBXBuildFile; fileRef = 04B2B2F92EA1569B000A53B3 /* SearchBar.swift */; };
		04D181422EA8EA360088055F /* ScheduleViewModel.swift in Sources */ = {isa = PBXBuildFile; fileRef = 04D181412EA8EA360088055F /* ScheduleViewModel.swift */; };
		04E307AF2EA691BC000CED60 /* MockData.swift in Sources */ = {isa = PBXBuildFile; fileRef = 04E307AE2EA691BC000CED60 /* MockData.swift */; };
		04E307DF2EA69B9F000CED60 /* ContactRow.swift in Sources */ = {isa = PBXBuildFile; fileRef = 04E307DE2EA69B9F000CED60 /* ContactRow.swift */; };
		04E307EA2EA69C3E000CED60 /* Contact.swift in Sources */ = {isa = PBXBuildFile; fileRef = 04E307E92EA69C3E000CED60 /* Contact.swift */; };
		04E308102EA6A3CF000CED60 /* TextToggleRow.swift in Sources */ = {isa = PBXBuildFile; fileRef = 04E3080F2EA6A3CF000CED60 /* TextToggleRow.swift */; };
		04E308252EA6A6EC000CED60 /* AppStorageKeys.swift in Sources */ = {isa = PBXBuildFile; fileRef = 04E308242EA6A6EC000CED60 /* AppStorageKeys.swift */; };
		04E3083C2EA6A9CB000CED60 /* CopyrightView.swift in Sources */ = {isa = PBXBuildFile; fileRef = 04E3083B2EA6A9CB000CED60 /* CopyrightView.swift */; };
		04E308652EA6B490000CED60 /* StoryDetailView.swift in Sources */ = {isa = PBXBuildFile; fileRef = 04E308642EA6B490000CED60 /* StoryDetailView.swift */; };
		04E3086B2EA6B4CB000CED60 /* StoriesView.swift in Sources */ = {isa = PBXBuildFile; fileRef = 04E3086A2EA6B4CB000CED60 /* StoriesView.swift */; };
		04E3086E2EA6B4DE000CED60 /* StoriesProgressBar.swift in Sources */ = {isa = PBXBuildFile; fileRef = 04E3086D2EA6B4DE000CED60 /* StoriesProgressBar.swift */; };
		04E308712EA6B4EB000CED60 /* StoriesTabView.swift in Sources */ = {isa = PBXBuildFile; fileRef = 04E308702EA6B4EB000CED60 /* StoriesTabView.swift */; };
		04E308752EA6B4F9000CED60 /* StoryView.swift in Sources */ = {isa = PBXBuildFile; fileRef = 04E308742EA6B4F9000CED60 /* StoryView.swift */; };
		04E308792EA6B509000CED60 /* CloseButton.swift in Sources */ = {isa = PBXBuildFile; fileRef = 04E308782EA6B509000CED60 /* CloseButton.swift */; };
		04E3087D2EA6B519000CED60 /* ProgressBar.swift in Sources */ = {isa = PBXBuildFile; fileRef = 04E3087C2EA6B519000CED60 /* ProgressBar.swift */; };
		04E308862EA6B549000CED60 /* TimerConfiguration.swift in Sources */ = {isa = PBXBuildFile; fileRef = 04E308852EA6B549000CED60 /* TimerConfiguration.swift */; };
		04E308892EA6B576000CED60 /* TimerConfiguration+Calculations.swift in Sources */ = {isa = PBXBuildFile; fileRef = 04E308882EA6B576000CED60 /* TimerConfiguration+Calculations.swift */; };
		04F5EC142E65848C00669B37 /* OpenAPIRuntime in Frameworks */ = {isa = PBXBuildFile; productRef = 04F5EC132E65848C00669B37 /* OpenAPIRuntime */; };
		04F5EC172E6584A200669B37 /* OpenAPIURLSession in Frameworks */ = {isa = PBXBuildFile; productRef = 04F5EC162E6584A200669B37 /* OpenAPIURLSession */; };
		04F5EC1C2E6585BB00669B37 /* openapi.yaml in Resources */ = {isa = PBXBuildFile; fileRef = 04F5EC1B2E6585BB00669B37 /* openapi.yaml */; };
		04F5EC1E2E65862E00669B37 /* openapi-generator-config.yaml in Resources */ = {isa = PBXBuildFile; fileRef = 04F5EC1D2E65862E00669B37 /* openapi-generator-config.yaml */; };
/* End PBXBuildFile section */

/* Begin PBXFileReference section */
		041374BF2EA617790019A36C /* PickerType.swift */ = {isa = PBXFileReference; lastKnownFileType = sourcecode.swift; path = PickerType.swift; sourceTree = "<group>"; };
		041374C42EA619B20019A36C /* StoryCarouselItemView.swift */ = {isa = PBXFileReference; lastKnownFileType = sourcecode.swift; path = StoryCarouselItemView.swift; sourceTree = "<group>"; };
		041374E32EA637A20019A36C /* Story.swift */ = {isa = PBXFileReference; lastKnownFileType = sourcecode.swift; path = Story.swift; sourceTree = "<group>"; };
		041374F12EA63AA50019A36C /* StoryCarouselView.swift */ = {isa = PBXFileReference; lastKnownFileType = sourcecode.swift; path = StoryCarouselView.swift; sourceTree = "<group>"; };
		04445C8F2EA9F3100008A811 /* CitySelectionViewModel.swift */ = {isa = PBXFileReference; lastKnownFileType = sourcecode.swift; path = CitySelectionViewModel.swift; sourceTree = "<group>"; };
		04445C9B2EA9F6AB0008A811 /* StationSelectionViewModel.swift */ = {isa = PBXFileReference; lastKnownFileType = sourcecode.swift; path = StationSelectionViewModel.swift; sourceTree = "<group>"; };
		04445CA32EA9F8DC0008A811 /* CarriersViewModel.swift */ = {isa = PBXFileReference; lastKnownFileType = sourcecode.swift; path = CarriersViewModel.swift; sourceTree = "<group>"; };
		04445CAF2EAA02E90008A811 /* CarrierInfoViewModel.swift */ = {isa = PBXFileReference; lastKnownFileType = sourcecode.swift; path = CarrierInfoViewModel.swift; sourceTree = "<group>"; };
		0452B6CC2EA2AA630031C9B8 /* TextChevronRow.swift */ = {isa = PBXFileReference; lastKnownFileType = sourcecode.swift; path = TextChevronRow.swift; sourceTree = "<group>"; };
		045B21B22E83A64300DF5EC5 /* LaunchScreen.storyboard */ = {isa = PBXFileReference; lastKnownFileType = file.storyboard; path = LaunchScreen.storyboard; sourceTree = "<group>"; };
		045B21C32E83B33200DF5EC5 /* ScheduleView.swift */ = {isa = PBXFileReference; lastKnownFileType = sourcecode.swift; path = ScheduleView.swift; sourceTree = "<group>"; };
		045B21C52E83B34300DF5EC5 /* SettingsView.swift */ = {isa = PBXFileReference; lastKnownFileType = sourcecode.swift; path = SettingsView.swift; sourceTree = "<group>"; };
		045B21C72E83B3E000DF5EC5 /* MainView.swift */ = {isa = PBXFileReference; lastKnownFileType = sourcecode.swift; path = MainView.swift; sourceTree = "<group>"; };
		045B21E62E83C55300DF5EC5 /* RoutePicker.swift */ = {isa = PBXFileReference; lastKnownFileType = sourcecode.swift; path = RoutePicker.swift; sourceTree = "<group>"; };
		045B221F2E83F35E00DF5EC5 /* CitySelectionView.swift */ = {isa = PBXFileReference; lastKnownFileType = sourcecode.swift; path = CitySelectionView.swift; sourceTree = "<group>"; };
		047914632E73D03200FEAC8F /* ScheduleBetweenStationsService.swift */ = {isa = PBXFileReference; lastKnownFileType = sourcecode.swift; path = ScheduleBetweenStationsService.swift; sourceTree = "<group>"; };
		047914662E73D2A500FEAC8F /* StationScheduleService.swift */ = {isa = PBXFileReference; lastKnownFileType = sourcecode.swift; path = StationScheduleService.swift; sourceTree = "<group>"; };
		047914692E73D66100FEAC8F /* RouteStationsService.swift */ = {isa = PBXFileReference; lastKnownFileType = sourcecode.swift; path = RouteStationsService.swift; sourceTree = "<group>"; };
		0479146B2E73D79700FEAC8F /* NearestCityService.swift */ = {isa = PBXFileReference; lastKnownFileType = sourcecode.swift; path = NearestCityService.swift; sourceTree = "<group>"; };
		0479146D2E73D87D00FEAC8F /* CarrierInfoService.swift */ = {isa = PBXFileReference; lastKnownFileType = sourcecode.swift; path = CarrierInfoService.swift; sourceTree = "<group>"; };
		0479146F2E73DB6700FEAC8F /* AllStationsService.swift */ = {isa = PBXFileReference; lastKnownFileType = sourcecode.swift; path = AllStationsService.swift; sourceTree = "<group>"; };
		047914712E73DC0300FEAC8F /* CopyrightService.swift */ = {isa = PBXFileReference; lastKnownFileType = sourcecode.swift; path = CopyrightService.swift; sourceTree = "<group>"; };
		048CA2932E65877600C200C2 /* NearestStationsService.swift */ = {isa = PBXFileReference; lastKnownFileType = sourcecode.swift; path = NearestStationsService.swift; sourceTree = "<group>"; };
		048D02652E36AC4300ECB49C /* TravelSchedule.app */ = {isa = PBXFileReference; explicitFileType = wrapper.application; includeInIndex = 0; path = TravelSchedule.app; sourceTree = BUILT_PRODUCTS_DIR; };
		048D02682E36AC4300ECB49C /* TravelScheduleApp.swift */ = {isa = PBXFileReference; lastKnownFileType = sourcecode.swift; path = TravelScheduleApp.swift; sourceTree = "<group>"; };
		048D026A2E36AC4300ECB49C /* ContentView.swift */ = {isa = PBXFileReference; lastKnownFileType = sourcecode.swift; path = ContentView.swift; sourceTree = "<group>"; };
		048D026C2E36AC4500ECB49C /* Assets.xcassets */ = {isa = PBXFileReference; lastKnownFileType = folder.assetcatalog; path = Assets.xcassets; sourceTree = "<group>"; };
		048D026F2E36AC4500ECB49C /* Preview Assets.xcassets */ = {isa = PBXFileReference; lastKnownFileType = folder.assetcatalog; path = "Preview Assets.xcassets"; sourceTree = "<group>"; };
		04A5A5DB2EA39A6000DFE7A1 /* StationSelectionView.swift */ = {isa = PBXFileReference; lastKnownFileType = sourcecode.swift; path = StationSelectionView.swift; sourceTree = "<group>"; };
		04A5A61F2EA3E14400DFE7A1 /* CarriersView.swift */ = {isa = PBXFileReference; lastKnownFileType = sourcecode.swift; path = CarriersView.swift; sourceTree = "<group>"; };
		04A5A6372EA3F2A100DFE7A1 /* Carrier.swift */ = {isa = PBXFileReference; lastKnownFileType = sourcecode.swift; path = Carrier.swift; sourceTree = "<group>"; };
		04A5A6452EA3F31B00DFE7A1 /* CarrierCardView.swift */ = {isa = PBXFileReference; lastKnownFileType = sourcecode.swift; path = CarrierCardView.swift; sourceTree = "<group>"; };
		04A5A69C2EA4102A00DFE7A1 /* CarrierFiltersView.swift */ = {isa = PBXFileReference; lastKnownFileType = sourcecode.swift; path = CarrierFiltersView.swift; sourceTree = "<group>"; };
		04A5A6CF2EA4DA0400DFE7A1 /* TimeRange.swift */ = {isa = PBXFileReference; lastKnownFileType = sourcecode.swift; path = TimeRange.swift; sourceTree = "<group>"; };
		04A5A6E22EA4DE3900DFE7A1 /* TextCheckboxRow.swift */ = {isa = PBXFileReference; lastKnownFileType = sourcecode.swift; path = TextCheckboxRow.swift; sourceTree = "<group>"; };
		04A5A6EB2EA4E03B00DFE7A1 /* TextRadioButtonRow.swift */ = {isa = PBXFileReference; lastKnownFileType = sourcecode.swift; path = TextRadioButtonRow.swift; sourceTree = "<group>"; };
		04A5A7182EA4F92700DFE7A1 /* ErrorView.swift */ = {isa = PBXFileReference; lastKnownFileType = sourcecode.swift; path = ErrorView.swift; sourceTree = "<group>"; };
		04A5A7242EA4F96700DFE7A1 /* ErrorType.swift */ = {isa = PBXFileReference; lastKnownFileType = sourcecode.swift; path = ErrorType.swift; sourceTree = "<group>"; };
		04A5A7552EA5174200DFE7A1 /* CarrierInfoView.swift */ = {isa = PBXFileReference; lastKnownFileType = sourcecode.swift; path = CarrierInfoView.swift; sourceTree = "<group>"; };
		04B2B2F92EA1569B000A53B3 /* SearchBar.swift */ = {isa = PBXFileReference; lastKnownFileType = sourcecode.swift; path = SearchBar.swift; sourceTree = "<group>"; };
		04D181412EA8EA360088055F /* ScheduleViewModel.swift */ = {isa = PBXFileReference; lastKnownFileType = sourcecode.swift; path = ScheduleViewModel.swift; sourceTree = "<group>"; };
		04E307AE2EA691BC000CED60 /* MockData.swift */ = {isa = PBXFileReference; lastKnownFileType = sourcecode.swift; path = MockData.swift; sourceTree = "<group>"; };
		04E307DE2EA69B9F000CED60 /* ContactRow.swift */ = {isa = PBXFileReference; lastKnownFileType = sourcecode.swift; path = ContactRow.swift; sourceTree = "<group>"; };
		04E307E92EA69C3E000CED60 /* Contact.swift */ = {isa = PBXFileReference; lastKnownFileType = sourcecode.swift; path = Contact.swift; sourceTree = "<group>"; };
		04E3080F2EA6A3CF000CED60 /* TextToggleRow.swift */ = {isa = PBXFileReference; lastKnownFileType = sourcecode.swift; path = TextToggleRow.swift; sourceTree = "<group>"; };
		04E308242EA6A6EC000CED60 /* AppStorageKeys.swift */ = {isa = PBXFileReference; lastKnownFileType = sourcecode.swift; path = AppStorageKeys.swift; sourceTree = "<group>"; };
		04E3083B2EA6A9CB000CED60 /* CopyrightView.swift */ = {isa = PBXFileReference; lastKnownFileType = sourcecode.swift; path = CopyrightView.swift; sourceTree = "<group>"; };
		04E308642EA6B490000CED60 /* StoryDetailView.swift */ = {isa = PBXFileReference; lastKnownFileType = sourcecode.swift; path = StoryDetailView.swift; sourceTree = "<group>"; };
		04E3086A2EA6B4CB000CED60 /* StoriesView.swift */ = {isa = PBXFileReference; lastKnownFileType = sourcecode.swift; path = StoriesView.swift; sourceTree = "<group>"; };
		04E3086D2EA6B4DE000CED60 /* StoriesProgressBar.swift */ = {isa = PBXFileReference; lastKnownFileType = sourcecode.swift; path = StoriesProgressBar.swift; sourceTree = "<group>"; };
		04E308702EA6B4EB000CED60 /* StoriesTabView.swift */ = {isa = PBXFileReference; lastKnownFileType = sourcecode.swift; path = StoriesTabView.swift; sourceTree = "<group>"; };
		04E308742EA6B4F9000CED60 /* StoryView.swift */ = {isa = PBXFileReference; lastKnownFileType = sourcecode.swift; path = StoryView.swift; sourceTree = "<group>"; };
		04E308782EA6B509000CED60 /* CloseButton.swift */ = {isa = PBXFileReference; lastKnownFileType = sourcecode.swift; path = CloseButton.swift; sourceTree = "<group>"; };
		04E3087C2EA6B519000CED60 /* ProgressBar.swift */ = {isa = PBXFileReference; lastKnownFileType = sourcecode.swift; path = ProgressBar.swift; sourceTree = "<group>"; };
		04E308852EA6B549000CED60 /* TimerConfiguration.swift */ = {isa = PBXFileReference; lastKnownFileType = sourcecode.swift; path = TimerConfiguration.swift; sourceTree = "<group>"; };
		04E308882EA6B576000CED60 /* TimerConfiguration+Calculations.swift */ = {isa = PBXFileReference; lastKnownFileType = sourcecode.swift; path = "TimerConfiguration+Calculations.swift"; sourceTree = "<group>"; };
		04F5EC1B2E6585BB00669B37 /* openapi.yaml */ = {isa = PBXFileReference; fileEncoding = 4; lastKnownFileType = text.yaml; path = openapi.yaml; sourceTree = "<group>"; };
		04F5EC1D2E65862E00669B37 /* openapi-generator-config.yaml */ = {isa = PBXFileReference; lastKnownFileType = text.yaml; path = "openapi-generator-config.yaml"; sourceTree = "<group>"; };
/* End PBXFileReference section */

/* Begin PBXFrameworksBuildPhase section */
		048D02622E36AC4300ECB49C /* Frameworks */ = {
			isa = PBXFrameworksBuildPhase;
			buildActionMask = 2147483647;
			files = (
				04F5EC142E65848C00669B37 /* OpenAPIRuntime in Frameworks */,
				04F5EC172E6584A200669B37 /* OpenAPIURLSession in Frameworks */,
			);
			runOnlyForDeploymentPostprocessing = 0;
		};
/* End PBXFrameworksBuildPhase section */

/* Begin PBXGroup section */
		041374BC2EA6176B0019A36C /* Models */ = {
			isa = PBXGroup;
			children = (
				041374BF2EA617790019A36C /* PickerType.swift */,
			);
			path = Models;
			sourceTree = "<group>";
		};
		041374EA2EA63A830019A36C /* StoryCarouselView */ = {
			isa = PBXGroup;
			children = (
				041374F12EA63AA50019A36C /* StoryCarouselView.swift */,
				041374C42EA619B20019A36C /* StoryCarouselItemView.swift */,
				041374E32EA637A20019A36C /* Story.swift */,
			);
			path = StoryCarouselView;
			sourceTree = "<group>";
		};
		04445C8D2EA9E3D00008A811 /* CitySelection */ = {
			isa = PBXGroup;
			children = (
				04B2B3002EA15781000A53B3 /* Subviews */,
				045B221F2E83F35E00DF5EC5 /* CitySelectionView.swift */,
				04445C8F2EA9F3100008A811 /* CitySelectionViewModel.swift */,
			);
			path = CitySelection;
			sourceTree = "<group>";
		};
		04445C9A2EA9F65E0008A811 /* StationSelection */ = {
			isa = PBXGroup;
			children = (
				04A5A5DB2EA39A6000DFE7A1 /* StationSelectionView.swift */,
				04445C9B2EA9F6AB0008A811 /* StationSelectionViewModel.swift */,
			);
			path = StationSelection;
			sourceTree = "<group>";
		};
		04445CA22EA9F8BC0008A811 /* Carriers */ = {
			isa = PBXGroup;
			children = (
				04A5A6412EA3F30A00DFE7A1 /* Subviews */,
				04A5A6332EA3F29200DFE7A1 /* Models */,
				04A5A61F2EA3E14400DFE7A1 /* CarriersView.swift */,
				04445CA32EA9F8DC0008A811 /* CarriersViewModel.swift */,
			);
			path = Carriers;
			sourceTree = "<group>";
		};
		04445CAD2EA9FC9B0008A811 /* CarrierInfo */ = {
			isa = PBXGroup;
			children = (
				04E307D62EA69A9A000CED60 /* Subviews */,
				04A5A7552EA5174200DFE7A1 /* CarrierInfoView.swift */,
				04445CAF2EAA02E90008A811 /* CarrierInfoViewModel.swift */,
			);
			path = CarrierInfo;
			sourceTree = "<group>";
		};
		045B21C22E83B32100DF5EC5 /* Views */ = {
			isa = PBXGroup;
			children = (
				04E308632EA6B44E000CED60 /* StoryDetailView */,
				04E308392EA6A9BB000CED60 /* CopyrightView */,
				045B21C72E83B3E000DF5EC5 /* MainView.swift */,
				04A5A71C2EA4F95100DFE7A1 /* ErrorView */,
				04B5FC492E9D60700014CD18 /* SettingsView */,
				04A5A6A12EA4103100DFE7A1 /* CarrierFiltersView */,
			);
			path = Views;
			sourceTree = "<group>";
		};
		045B21E32E83C49100DF5EC5 /* Subviews */ = {
			isa = PBXGroup;
			children = (
				041374EA2EA63A830019A36C /* StoryCarouselView */,
				045B21E62E83C55300DF5EC5 /* RoutePicker.swift */,
			);
			path = Subviews;
			sourceTree = "<group>";
		};
		048CA2922E65876000C200C2 /* Network Services */ = {
			isa = PBXGroup;
			children = (
				048CA2932E65877600C200C2 /* NearestStationsService.swift */,
				047914632E73D03200FEAC8F /* ScheduleBetweenStationsService.swift */,
				047914662E73D2A500FEAC8F /* StationScheduleService.swift */,
				047914692E73D66100FEAC8F /* RouteStationsService.swift */,
				0479146B2E73D79700FEAC8F /* NearestCityService.swift */,
				0479146D2E73D87D00FEAC8F /* CarrierInfoService.swift */,
				0479146F2E73DB6700FEAC8F /* AllStationsService.swift */,
				047914712E73DC0300FEAC8F /* CopyrightService.swift */,
			);
			path = "Network Services";
			sourceTree = "<group>";
		};
		048D025C2E36AC4300ECB49C = {
			isa = PBXGroup;
			children = (
				048D02672E36AC4300ECB49C /* TravelSchedule */,
				048D02662E36AC4300ECB49C /* Products */,
			);
			sourceTree = "<group>";
		};
		048D02662E36AC4300ECB49C /* Products */ = {
			isa = PBXGroup;
			children = (
				048D02652E36AC4300ECB49C /* TravelSchedule.app */,
			);
			name = Products;
			sourceTree = "<group>";
		};
		048D02672E36AC4300ECB49C /* TravelSchedule */ = {
			isa = PBXGroup;
			children = (
				04D1813E2EA8E9FF0088055F /* Scenes */,
				04E307A82EA691AE000CED60 /* Helpers */,
				045B21C22E83B32100DF5EC5 /* Views */,
				048CA2922E65876000C200C2 /* Network Services */,
				04F5EC1A2E65859D00669B37 /* OpenAPI */,
				048D02682E36AC4300ECB49C /* TravelScheduleApp.swift */,
				048D026A2E36AC4300ECB49C /* ContentView.swift */,
				045B21B22E83A64300DF5EC5 /* LaunchScreen.storyboard */,
				048D026C2E36AC4500ECB49C /* Assets.xcassets */,
				048D026E2E36AC4500ECB49C /* Preview Content */,
			);
			path = TravelSchedule;
			sourceTree = "<group>";
		};
		048D026E2E36AC4500ECB49C /* Preview Content */ = {
			isa = PBXGroup;
			children = (
				048D026F2E36AC4500ECB49C /* Preview Assets.xcassets */,
			);
			path = "Preview Content";
			sourceTree = "<group>";
		};
		04A5A6332EA3F29200DFE7A1 /* Models */ = {
			isa = PBXGroup;
			children = (
				04A5A6372EA3F2A100DFE7A1 /* Carrier.swift */,
			);
			path = Models;
			sourceTree = "<group>";
		};
		04A5A6412EA3F30A00DFE7A1 /* Subviews */ = {
			isa = PBXGroup;
			children = (
				04A5A6452EA3F31B00DFE7A1 /* CarrierCardView.swift */,
			);
			path = Subviews;
			sourceTree = "<group>";
		};
		04A5A6A12EA4103100DFE7A1 /* CarrierFiltersView */ = {
			isa = PBXGroup;
			children = (
				04A5A6DE2EA4DE1300DFE7A1 /* Subviews */,
				04A5A6C82EA4D9EC00DFE7A1 /* Models */,
				04A5A69C2EA4102A00DFE7A1 /* CarrierFiltersView.swift */,
			);
			path = CarrierFiltersView;
			sourceTree = "<group>";
		};
		04A5A6C82EA4D9EC00DFE7A1 /* Models */ = {
			isa = PBXGroup;
			children = (
				04A5A6CF2EA4DA0400DFE7A1 /* TimeRange.swift */,
			);
			path = Models;
			sourceTree = "<group>";
		};
		04A5A6DE2EA4DE1300DFE7A1 /* Subviews */ = {
			isa = PBXGroup;
			children = (
				04A5A6EB2EA4E03B00DFE7A1 /* TextRadioButtonRow.swift */,
				04A5A6E22EA4DE3900DFE7A1 /* TextCheckboxRow.swift */,
			);
			path = Subviews;
			sourceTree = "<group>";
		};
		04A5A71C2EA4F95100DFE7A1 /* ErrorView */ = {
			isa = PBXGroup;
			children = (
				04A5A71F2EA4F95A00DFE7A1 /* Models */,
				04A5A7182EA4F92700DFE7A1 /* ErrorView.swift */,
			);
			path = ErrorView;
			sourceTree = "<group>";
		};
		04A5A71F2EA4F95A00DFE7A1 /* Models */ = {
			isa = PBXGroup;
			children = (
				04A5A7242EA4F96700DFE7A1 /* ErrorType.swift */,
			);
			path = Models;
			sourceTree = "<group>";
		};
		04B2B3002EA15781000A53B3 /* Subviews */ = {
			isa = PBXGroup;
			children = (
				0452B6CC2EA2AA630031C9B8 /* TextChevronRow.swift */,
				04B2B2F92EA1569B000A53B3 /* SearchBar.swift */,
			);
			path = Subviews;
			sourceTree = "<group>";
		};
		04B5FC492E9D60700014CD18 /* SettingsView */ = {
			isa = PBXGroup;
			children = (
				04E3080A2EA6A3BE000CED60 /* Subviews */,
				045B21C52E83B34300DF5EC5 /* SettingsView.swift */,
			);
			path = SettingsView;
			sourceTree = "<group>";
		};
		04D1813E2EA8E9FF0088055F /* Scenes */ = {
			isa = PBXGroup;
			children = (
				04445CAD2EA9FC9B0008A811 /* CarrierInfo */,
				04445CA22EA9F8BC0008A811 /* Carriers */,
				04445C9A2EA9F65E0008A811 /* StationSelection */,
				04445C8D2EA9E3D00008A811 /* CitySelection */,
				04D1813F2EA8EA060088055F /* Schedule */,
			);
			path = Scenes;
			sourceTree = "<group>";
		};
		04D1813F2EA8EA060088055F /* Schedule */ = {
			isa = PBXGroup;
			children = (
				041374BC2EA6176B0019A36C /* Models */,
				045B21E32E83C49100DF5EC5 /* Subviews */,
				045B21C32E83B33200DF5EC5 /* ScheduleView.swift */,
				04D181412EA8EA360088055F /* ScheduleViewModel.swift */,
			);
			path = Schedule;
			sourceTree = "<group>";
		};
		04E307A82EA691AE000CED60 /* Helpers */ = {
			isa = PBXGroup;
			children = (
				04E308242EA6A6EC000CED60 /* AppStorageKeys.swift */,
				04E307AE2EA691BC000CED60 /* MockData.swift */,
			);
			path = Helpers;
			sourceTree = "<group>";
		};
		04E307D62EA69A9A000CED60 /* Subviews */ = {
			isa = PBXGroup;
			children = (
				04E307DE2EA69B9F000CED60 /* ContactRow.swift */,
				04E307E92EA69C3E000CED60 /* Contact.swift */,
			);
			path = Subviews;
			sourceTree = "<group>";
		};
		04E3080A2EA6A3BE000CED60 /* Subviews */ = {
			isa = PBXGroup;
			children = (
				04E3080F2EA6A3CF000CED60 /* TextToggleRow.swift */,
			);
			path = Subviews;
			sourceTree = "<group>";
		};
		04E308392EA6A9BB000CED60 /* CopyrightView */ = {
			isa = PBXGroup;
			children = (
				04E3083B2EA6A9CB000CED60 /* CopyrightView.swift */,
			);
			path = CopyrightView;
			sourceTree = "<group>";
		};
		04E308632EA6B44E000CED60 /* StoryDetailView */ = {
			isa = PBXGroup;
			children = (
				04E308802EA6B532000CED60 /* Models */,
				04E308692EA6B4C4000CED60 /* Subviews */,
				04E308642EA6B490000CED60 /* StoryDetailView.swift */,
			);
			path = StoryDetailView;
			sourceTree = "<group>";
		};
		04E308692EA6B4C4000CED60 /* Subviews */ = {
			isa = PBXGroup;
			children = (
				04E3087C2EA6B519000CED60 /* ProgressBar.swift */,
				04E308782EA6B509000CED60 /* CloseButton.swift */,
				04E308742EA6B4F9000CED60 /* StoryView.swift */,
				04E308702EA6B4EB000CED60 /* StoriesTabView.swift */,
				04E3086D2EA6B4DE000CED60 /* StoriesProgressBar.swift */,
				04E3086A2EA6B4CB000CED60 /* StoriesView.swift */,
			);
			path = Subviews;
			sourceTree = "<group>";
		};
		04E308802EA6B532000CED60 /* Models */ = {
			isa = PBXGroup;
			children = (
				04E308852EA6B549000CED60 /* TimerConfiguration.swift */,
				04E308882EA6B576000CED60 /* TimerConfiguration+Calculations.swift */,
			);
			path = Models;
			sourceTree = "<group>";
		};
		04F5EC1A2E65859D00669B37 /* OpenAPI */ = {
			isa = PBXGroup;
			children = (
				04F5EC1B2E6585BB00669B37 /* openapi.yaml */,
				04F5EC1D2E65862E00669B37 /* openapi-generator-config.yaml */,
			);
			path = OpenAPI;
			sourceTree = "<group>";
		};
/* End PBXGroup section */

/* Begin PBXNativeTarget section */
		048D02642E36AC4300ECB49C /* TravelSchedule */ = {
			isa = PBXNativeTarget;
			buildConfigurationList = 048D02732E36AC4500ECB49C /* Build configuration list for PBXNativeTarget "TravelSchedule" */;
			buildPhases = (
				048D02612E36AC4300ECB49C /* Sources */,
				048D02622E36AC4300ECB49C /* Frameworks */,
				048D02632E36AC4300ECB49C /* Resources */,
			);
			buildRules = (
			);
			dependencies = (
				04F5EC192E6584F500669B37 /* PBXTargetDependency */,
			);
			name = TravelSchedule;
			packageProductDependencies = (
				04F5EC132E65848C00669B37 /* OpenAPIRuntime */,
				04F5EC162E6584A200669B37 /* OpenAPIURLSession */,
			);
			productName = TravelSchedule;
			productReference = 048D02652E36AC4300ECB49C /* TravelSchedule.app */;
			productType = "com.apple.product-type.application";
		};
/* End PBXNativeTarget section */

/* Begin PBXProject section */
		048D025D2E36AC4300ECB49C /* Project object */ = {
			isa = PBXProject;
			attributes = {
				BuildIndependentTargetsInParallel = 1;
				LastSwiftUpdateCheck = 1540;
				LastUpgradeCheck = 1540;
				TargetAttributes = {
					048D02642E36AC4300ECB49C = {
						CreatedOnToolsVersion = 15.4;
					};
				};
			};
			buildConfigurationList = 048D02602E36AC4300ECB49C /* Build configuration list for PBXProject "TravelSchedule" */;
			compatibilityVersion = "Xcode 14.0";
			developmentRegion = en;
			hasScannedForEncodings = 0;
			knownRegions = (
				en,
				Base,
			);
			mainGroup = 048D025C2E36AC4300ECB49C;
			packageReferences = (
				04F5EC0F2E65845B00669B37 /* XCRemoteSwiftPackageReference "swift-openapi-generator" */,
				04F5EC122E65848C00669B37 /* XCRemoteSwiftPackageReference "swift-openapi-runtime" */,
				04F5EC152E6584A200669B37 /* XCRemoteSwiftPackageReference "swift-openapi-urlsession" */,
			);
			productRefGroup = 048D02662E36AC4300ECB49C /* Products */;
			projectDirPath = "";
			projectRoot = "";
			targets = (
				048D02642E36AC4300ECB49C /* TravelSchedule */,
			);
		};
/* End PBXProject section */

/* Begin PBXResourcesBuildPhase section */
		048D02632E36AC4300ECB49C /* Resources */ = {
			isa = PBXResourcesBuildPhase;
			buildActionMask = 2147483647;
			files = (
				048D02702E36AC4500ECB49C /* Preview Assets.xcassets in Resources */,
				04F5EC1E2E65862E00669B37 /* openapi-generator-config.yaml in Resources */,
				048D026D2E36AC4500ECB49C /* Assets.xcassets in Resources */,
				045B21B32E83A64300DF5EC5 /* LaunchScreen.storyboard in Resources */,
				04F5EC1C2E6585BB00669B37 /* openapi.yaml in Resources */,
			);
			runOnlyForDeploymentPostprocessing = 0;
		};
/* End PBXResourcesBuildPhase section */

/* Begin PBXSourcesBuildPhase section */
		048D02612E36AC4300ECB49C /* Sources */ = {
			isa = PBXSourcesBuildPhase;
			buildActionMask = 2147483647;
			files = (
				04E307AF2EA691BC000CED60 /* MockData.swift in Sources */,
				0479146E2E73D87D00FEAC8F /* CarrierInfoService.swift in Sources */,
				04E308712EA6B4EB000CED60 /* StoriesTabView.swift in Sources */,
				04E3083C2EA6A9CB000CED60 /* CopyrightView.swift in Sources */,
				04A5A7252EA4F96700DFE7A1 /* ErrorType.swift in Sources */,
				04A5A69D2EA4102A00DFE7A1 /* CarrierFiltersView.swift in Sources */,
				0452B6CD2EA2AA640031C9B8 /* TextChevronRow.swift in Sources */,
				047914642E73D03200FEAC8F /* ScheduleBetweenStationsService.swift in Sources */,
				04E308252EA6A6EC000CED60 /* AppStorageKeys.swift in Sources */,
				047914702E73DB6700FEAC8F /* AllStationsService.swift in Sources */,
				041374E42EA637A20019A36C /* Story.swift in Sources */,
				04A5A5DC2EA39A6000DFE7A1 /* StationSelectionView.swift in Sources */,
				048D026B2E36AC4300ECB49C /* ContentView.swift in Sources */,
				04E308862EA6B549000CED60 /* TimerConfiguration.swift in Sources */,
				04E3087D2EA6B519000CED60 /* ProgressBar.swift in Sources */,
				0479146A2E73D66100FEAC8F /* RouteStationsService.swift in Sources */,
				04E3086E2EA6B4DE000CED60 /* StoriesProgressBar.swift in Sources */,
				04B2B2FA2EA1569B000A53B3 /* SearchBar.swift in Sources */,
				045B21E72E83C55300DF5EC5 /* RoutePicker.swift in Sources */,
				041374F22EA63AA50019A36C /* StoryCarouselView.swift in Sources */,
				04445C9C2EA9F6AB0008A811 /* StationSelectionViewModel.swift in Sources */,
				04E3086B2EA6B4CB000CED60 /* StoriesView.swift in Sources */,
				0479146C2E73D79700FEAC8F /* NearestCityService.swift in Sources */,
				04E308892EA6B576000CED60 /* TimerConfiguration+Calculations.swift in Sources */,
				04445CA42EA9F8DC0008A811 /* CarriersViewModel.swift in Sources */,
				04A5A7192EA4F92700DFE7A1 /* ErrorView.swift in Sources */,
				048CA2942E65877600C200C2 /* NearestStationsService.swift in Sources */,
				04A5A6E32EA4DE3900DFE7A1 /* TextCheckboxRow.swift in Sources */,
				04A5A6202EA3E14400DFE7A1 /* CarriersView.swift in Sources */,
				041374C02EA617790019A36C /* PickerType.swift in Sources */,
				04A5A6382EA3F2A100DFE7A1 /* Carrier.swift in Sources */,
				04E308792EA6B509000CED60 /* CloseButton.swift in Sources */,
				04E308652EA6B490000CED60 /* StoryDetailView.swift in Sources */,
				041374C52EA619B20019A36C /* StoryCarouselItemView.swift in Sources */,
				047914672E73D2A500FEAC8F /* StationScheduleService.swift in Sources */,
				04A5A6EC2EA4E03B00DFE7A1 /* TextRadioButtonRow.swift in Sources */,
				045B21C82E83B3E000DF5EC5 /* MainView.swift in Sources */,
				04445C902EA9F3100008A811 /* CitySelectionViewModel.swift in Sources */,
				04E308102EA6A3CF000CED60 /* TextToggleRow.swift in Sources */,
				04E308752EA6B4F9000CED60 /* StoryView.swift in Sources */,
				048D02692E36AC4300ECB49C /* TravelScheduleApp.swift in Sources */,
				045B22202E83F35E00DF5EC5 /* CitySelectionView.swift in Sources */,
				04E307EA2EA69C3E000CED60 /* Contact.swift in Sources */,
				045B21C62E83B34300DF5EC5 /* SettingsView.swift in Sources */,
				04A5A7562EA5174200DFE7A1 /* CarrierInfoView.swift in Sources */,
				04A5A6462EA3F31B00DFE7A1 /* CarrierCardView.swift in Sources */,
				04D181422EA8EA360088055F /* ScheduleViewModel.swift in Sources */,
				04A5A6D02EA4DA0400DFE7A1 /* TimeRange.swift in Sources */,
				04E307DF2EA69B9F000CED60 /* ContactRow.swift in Sources */,
				04445CB02EAA02E90008A811 /* CarrierInfoViewModel.swift in Sources */,
				045B21C42E83B33200DF5EC5 /* ScheduleView.swift in Sources */,
				047914722E73DC0300FEAC8F /* CopyrightService.swift in Sources */,
			);
			runOnlyForDeploymentPostprocessing = 0;
		};
/* End PBXSourcesBuildPhase section */

/* Begin PBXTargetDependency section */
		04F5EC192E6584F500669B37 /* PBXTargetDependency */ = {
			isa = PBXTargetDependency;
			productRef = 04F5EC182E6584F500669B37 /* OpenAPIGenerator */;
		};
/* End PBXTargetDependency section */

/* Begin XCBuildConfiguration section */
		048D02712E36AC4500ECB49C /* Debug */ = {
			isa = XCBuildConfiguration;
			buildSettings = {
				ALWAYS_SEARCH_USER_PATHS = NO;
				ASSETCATALOG_COMPILER_GENERATE_SWIFT_ASSET_SYMBOL_EXTENSIONS = YES;
				CLANG_ANALYZER_NONNULL = YES;
				CLANG_ANALYZER_NUMBER_OBJECT_CONVERSION = YES_AGGRESSIVE;
				CLANG_CXX_LANGUAGE_STANDARD = "gnu++20";
				CLANG_ENABLE_MODULES = YES;
				CLANG_ENABLE_OBJC_ARC = YES;
				CLANG_ENABLE_OBJC_WEAK = YES;
				CLANG_WARN_BLOCK_CAPTURE_AUTORELEASING = YES;
				CLANG_WARN_BOOL_CONVERSION = YES;
				CLANG_WARN_COMMA = YES;
				CLANG_WARN_CONSTANT_CONVERSION = YES;
				CLANG_WARN_DEPRECATED_OBJC_IMPLEMENTATIONS = YES;
				CLANG_WARN_DIRECT_OBJC_ISA_USAGE = YES_ERROR;
				CLANG_WARN_DOCUMENTATION_COMMENTS = YES;
				CLANG_WARN_EMPTY_BODY = YES;
				CLANG_WARN_ENUM_CONVERSION = YES;
				CLANG_WARN_INFINITE_RECURSION = YES;
				CLANG_WARN_INT_CONVERSION = YES;
				CLANG_WARN_NON_LITERAL_NULL_CONVERSION = YES;
				CLANG_WARN_OBJC_IMPLICIT_RETAIN_SELF = YES;
				CLANG_WARN_OBJC_LITERAL_CONVERSION = YES;
				CLANG_WARN_OBJC_ROOT_CLASS = YES_ERROR;
				CLANG_WARN_QUOTED_INCLUDE_IN_FRAMEWORK_HEADER = YES;
				CLANG_WARN_RANGE_LOOP_ANALYSIS = YES;
				CLANG_WARN_STRICT_PROTOTYPES = YES;
				CLANG_WARN_SUSPICIOUS_MOVE = YES;
				CLANG_WARN_UNGUARDED_AVAILABILITY = YES_AGGRESSIVE;
				CLANG_WARN_UNREACHABLE_CODE = YES;
				CLANG_WARN__DUPLICATE_METHOD_MATCH = YES;
				COPY_PHASE_STRIP = NO;
				DEBUG_INFORMATION_FORMAT = dwarf;
				ENABLE_STRICT_OBJC_MSGSEND = YES;
				ENABLE_TESTABILITY = YES;
				ENABLE_USER_SCRIPT_SANDBOXING = YES;
				GCC_C_LANGUAGE_STANDARD = gnu17;
				GCC_DYNAMIC_NO_PIC = NO;
				GCC_NO_COMMON_BLOCKS = YES;
				GCC_OPTIMIZATION_LEVEL = 0;
				GCC_PREPROCESSOR_DEFINITIONS = (
					"DEBUG=1",
					"$(inherited)",
				);
				GCC_WARN_64_TO_32_BIT_CONVERSION = YES;
				GCC_WARN_ABOUT_RETURN_TYPE = YES_ERROR;
				GCC_WARN_UNDECLARED_SELECTOR = YES;
				GCC_WARN_UNINITIALIZED_AUTOS = YES_AGGRESSIVE;
				GCC_WARN_UNUSED_FUNCTION = YES;
				GCC_WARN_UNUSED_VARIABLE = YES;
				IPHONEOS_DEPLOYMENT_TARGET = 17.0;
				LOCALIZATION_PREFERS_STRING_CATALOGS = YES;
				MTL_ENABLE_DEBUG_INFO = INCLUDE_SOURCE;
				MTL_FAST_MATH = YES;
				ONLY_ACTIVE_ARCH = YES;
				SDKROOT = iphoneos;
				SWIFT_ACTIVE_COMPILATION_CONDITIONS = "DEBUG $(inherited)";
				SWIFT_OPTIMIZATION_LEVEL = "-Onone";
			};
			name = Debug;
		};
		048D02722E36AC4500ECB49C /* Release */ = {
			isa = XCBuildConfiguration;
			buildSettings = {
				ALWAYS_SEARCH_USER_PATHS = NO;
				ASSETCATALOG_COMPILER_GENERATE_SWIFT_ASSET_SYMBOL_EXTENSIONS = YES;
				CLANG_ANALYZER_NONNULL = YES;
				CLANG_ANALYZER_NUMBER_OBJECT_CONVERSION = YES_AGGRESSIVE;
				CLANG_CXX_LANGUAGE_STANDARD = "gnu++20";
				CLANG_ENABLE_MODULES = YES;
				CLANG_ENABLE_OBJC_ARC = YES;
				CLANG_ENABLE_OBJC_WEAK = YES;
				CLANG_WARN_BLOCK_CAPTURE_AUTORELEASING = YES;
				CLANG_WARN_BOOL_CONVERSION = YES;
				CLANG_WARN_COMMA = YES;
				CLANG_WARN_CONSTANT_CONVERSION = YES;
				CLANG_WARN_DEPRECATED_OBJC_IMPLEMENTATIONS = YES;
				CLANG_WARN_DIRECT_OBJC_ISA_USAGE = YES_ERROR;
				CLANG_WARN_DOCUMENTATION_COMMENTS = YES;
				CLANG_WARN_EMPTY_BODY = YES;
				CLANG_WARN_ENUM_CONVERSION = YES;
				CLANG_WARN_INFINITE_RECURSION = YES;
				CLANG_WARN_INT_CONVERSION = YES;
				CLANG_WARN_NON_LITERAL_NULL_CONVERSION = YES;
				CLANG_WARN_OBJC_IMPLICIT_RETAIN_SELF = YES;
				CLANG_WARN_OBJC_LITERAL_CONVERSION = YES;
				CLANG_WARN_OBJC_ROOT_CLASS = YES_ERROR;
				CLANG_WARN_QUOTED_INCLUDE_IN_FRAMEWORK_HEADER = YES;
				CLANG_WARN_RANGE_LOOP_ANALYSIS = YES;
				CLANG_WARN_STRICT_PROTOTYPES = YES;
				CLANG_WARN_SUSPICIOUS_MOVE = YES;
				CLANG_WARN_UNGUARDED_AVAILABILITY = YES_AGGRESSIVE;
				CLANG_WARN_UNREACHABLE_CODE = YES;
				CLANG_WARN__DUPLICATE_METHOD_MATCH = YES;
				COPY_PHASE_STRIP = NO;
				DEBUG_INFORMATION_FORMAT = "dwarf-with-dsym";
				ENABLE_NS_ASSERTIONS = NO;
				ENABLE_STRICT_OBJC_MSGSEND = YES;
				ENABLE_USER_SCRIPT_SANDBOXING = YES;
				GCC_C_LANGUAGE_STANDARD = gnu17;
				GCC_NO_COMMON_BLOCKS = YES;
				GCC_WARN_64_TO_32_BIT_CONVERSION = YES;
				GCC_WARN_ABOUT_RETURN_TYPE = YES_ERROR;
				GCC_WARN_UNDECLARED_SELECTOR = YES;
				GCC_WARN_UNINITIALIZED_AUTOS = YES_AGGRESSIVE;
				GCC_WARN_UNUSED_FUNCTION = YES;
				GCC_WARN_UNUSED_VARIABLE = YES;
				IPHONEOS_DEPLOYMENT_TARGET = 17.0;
				LOCALIZATION_PREFERS_STRING_CATALOGS = YES;
				MTL_ENABLE_DEBUG_INFO = NO;
				MTL_FAST_MATH = YES;
				SDKROOT = iphoneos;
				SWIFT_COMPILATION_MODE = wholemodule;
				VALIDATE_PRODUCT = YES;
			};
			name = Release;
		};
		048D02742E36AC4500ECB49C /* Debug */ = {
			isa = XCBuildConfiguration;
			buildSettings = {
				ASSETCATALOG_COMPILER_APPICON_NAME = AppIcon;
				ASSETCATALOG_COMPILER_GLOBAL_ACCENT_COLOR_NAME = AccentColor;
				CODE_SIGN_STYLE = Automatic;
				CURRENT_PROJECT_VERSION = 1;
				DEVELOPMENT_ASSET_PATHS = "\"TravelSchedule/Preview Content\"";
				DEVELOPMENT_TEAM = DF8ATY42S7;
				ENABLE_PREVIEWS = YES;
				GENERATE_INFOPLIST_FILE = YES;
				INFOPLIST_KEY_UIApplicationSceneManifest_Generation = YES;
				INFOPLIST_KEY_UIApplicationSupportsIndirectInputEvents = YES;
				INFOPLIST_KEY_UILaunchStoryboardName = LaunchScreen;
				INFOPLIST_KEY_UISupportedInterfaceOrientations = UIInterfaceOrientationPortrait;
				INFOPLIST_KEY_UISupportedInterfaceOrientations_iPad = "UIInterfaceOrientationLandscapeLeft UIInterfaceOrientationLandscapeRight UIInterfaceOrientationPortrait UIInterfaceOrientationPortraitUpsideDown";
				IPHONEOS_DEPLOYMENT_TARGET = 17.0;
				LD_RUNPATH_SEARCH_PATHS = (
					"$(inherited)",
					"@executable_path/Frameworks",
				);
				MARKETING_VERSION = 1.0;
				PRODUCT_BUNDLE_IDENTIFIER = kz.nekhon.TravelSchedule;
				PRODUCT_NAME = "$(TARGET_NAME)";
				SUPPORTED_PLATFORMS = "iphoneos iphonesimulator";
				SUPPORTS_MACCATALYST = NO;
				SUPPORTS_MAC_DESIGNED_FOR_IPHONE_IPAD = NO;
				SUPPORTS_XR_DESIGNED_FOR_IPHONE_IPAD = NO;
				SWIFT_EMIT_LOC_STRINGS = YES;
				SWIFT_VERSION = 5.0;
				TARGETED_DEVICE_FAMILY = 1;
			};
			name = Debug;
		};
		048D02752E36AC4500ECB49C /* Release */ = {
			isa = XCBuildConfiguration;
			buildSettings = {
				ASSETCATALOG_COMPILER_APPICON_NAME = AppIcon;
				ASSETCATALOG_COMPILER_GLOBAL_ACCENT_COLOR_NAME = AccentColor;
				CODE_SIGN_STYLE = Automatic;
				CURRENT_PROJECT_VERSION = 1;
				DEVELOPMENT_ASSET_PATHS = "\"TravelSchedule/Preview Content\"";
				DEVELOPMENT_TEAM = DF8ATY42S7;
				ENABLE_PREVIEWS = YES;
				GENERATE_INFOPLIST_FILE = YES;
				INFOPLIST_KEY_UIApplicationSceneManifest_Generation = YES;
				INFOPLIST_KEY_UIApplicationSupportsIndirectInputEvents = YES;
				INFOPLIST_KEY_UILaunchStoryboardName = LaunchScreen;
				INFOPLIST_KEY_UISupportedInterfaceOrientations = UIInterfaceOrientationPortrait;
				INFOPLIST_KEY_UISupportedInterfaceOrientations_iPad = "UIInterfaceOrientationLandscapeLeft UIInterfaceOrientationLandscapeRight UIInterfaceOrientationPortrait UIInterfaceOrientationPortraitUpsideDown";
				IPHONEOS_DEPLOYMENT_TARGET = 17.0;
				LD_RUNPATH_SEARCH_PATHS = (
					"$(inherited)",
					"@executable_path/Frameworks",
				);
				MARKETING_VERSION = 1.0;
				PRODUCT_BUNDLE_IDENTIFIER = kz.nekhon.TravelSchedule;
				PRODUCT_NAME = "$(TARGET_NAME)";
				SUPPORTED_PLATFORMS = "iphoneos iphonesimulator";
				SUPPORTS_MACCATALYST = NO;
				SUPPORTS_MAC_DESIGNED_FOR_IPHONE_IPAD = NO;
				SUPPORTS_XR_DESIGNED_FOR_IPHONE_IPAD = NO;
				SWIFT_EMIT_LOC_STRINGS = YES;
				SWIFT_VERSION = 5.0;
				TARGETED_DEVICE_FAMILY = 1;
			};
			name = Release;
		};
/* End XCBuildConfiguration section */

/* Begin XCConfigurationList section */
		048D02602E36AC4300ECB49C /* Build configuration list for PBXProject "TravelSchedule" */ = {
			isa = XCConfigurationList;
			buildConfigurations = (
				048D02712E36AC4500ECB49C /* Debug */,
				048D02722E36AC4500ECB49C /* Release */,
			);
			defaultConfigurationIsVisible = 0;
			defaultConfigurationName = Release;
		};
		048D02732E36AC4500ECB49C /* Build configuration list for PBXNativeTarget "TravelSchedule" */ = {
			isa = XCConfigurationList;
			buildConfigurations = (
				048D02742E36AC4500ECB49C /* Debug */,
				048D02752E36AC4500ECB49C /* Release */,
			);
			defaultConfigurationIsVisible = 0;
			defaultConfigurationName = Release;
		};
/* End XCConfigurationList section */

/* Begin XCRemoteSwiftPackageReference section */
		04F5EC0F2E65845B00669B37 /* XCRemoteSwiftPackageReference "swift-openapi-generator" */ = {
			isa = XCRemoteSwiftPackageReference;
			repositoryURL = "https://github.com/apple/swift-openapi-generator";
			requirement = {
				kind = upToNextMajorVersion;
				minimumVersion = 1.10.2;
			};
		};
		04F5EC122E65848C00669B37 /* XCRemoteSwiftPackageReference "swift-openapi-runtime" */ = {
			isa = XCRemoteSwiftPackageReference;
			repositoryURL = "https://github.com/apple/swift-openapi-runtime/";
			requirement = {
				kind = upToNextMajorVersion;
				minimumVersion = 1.8.2;
			};
		};
		04F5EC152E6584A200669B37 /* XCRemoteSwiftPackageReference "swift-openapi-urlsession" */ = {
			isa = XCRemoteSwiftPackageReference;
			repositoryURL = "https://github.com/apple/swift-openapi-urlsession";
			requirement = {
				kind = upToNextMajorVersion;
				minimumVersion = 1.1.0;
			};
		};
/* End XCRemoteSwiftPackageReference section */

/* Begin XCSwiftPackageProductDependency section */
		04F5EC132E65848C00669B37 /* OpenAPIRuntime */ = {
			isa = XCSwiftPackageProductDependency;
			package = 04F5EC122E65848C00669B37 /* XCRemoteSwiftPackageReference "swift-openapi-runtime" */;
			productName = OpenAPIRuntime;
		};
		04F5EC162E6584A200669B37 /* OpenAPIURLSession */ = {
			isa = XCSwiftPackageProductDependency;
			package = 04F5EC152E6584A200669B37 /* XCRemoteSwiftPackageReference "swift-openapi-urlsession" */;
			productName = OpenAPIURLSession;
		};
		04F5EC182E6584F500669B37 /* OpenAPIGenerator */ = {
			isa = XCSwiftPackageProductDependency;
			package = 04F5EC0F2E65845B00669B37 /* XCRemoteSwiftPackageReference "swift-openapi-generator" */;
			productName = "plugin:OpenAPIGenerator";
		};
/* End XCSwiftPackageProductDependency section */
	};
	rootObject = 048D025D2E36AC4300ECB49C /* Project object */;
}
